
Microsoft Visual Studio Solution File, Format Version 12.00
# Visual Studio 15
Project("{FAE04EC0-301F-11D3-BF4B-00C04F79EFBC}") = "Assembly-CSharp", "Assembly-CSharp.csproj", "{D2866341-6582-E779-BD50-AA1D9880E448}"
EndProject
Project("{FAE04EC0-301F-11D3-BF4B-00C04F79EFBC}") = "PhotonUnityNetworking.Demos", "PhotonUnityNetworking.Demos.csproj", "{20F95BC6-EDF4-DDA5-CB77-08019AEEEA42}"
EndProject
Project("{FAE04EC0-301F-11D3-BF4B-00C04F79EFBC}") = "PhotonRealtime", "PhotonRealtime.csproj", "{42533683-CA4D-7C52-448F-15A137595370}"
EndProject
Project("{FAE04EC0-301F-11D3-BF4B-00C04F79EFBC}") = "PhotonUnityNetworking", "PhotonUnityNetworking.csproj", "{70EBE890-4276-61A6-10E1-5B3AC0343C82}"
EndProject
Project("{FAE04EC0-301F-11D3-BF4B-00C04F79EFBC}") = "PhotonUnityNetworking.Utilities", "PhotonUnityNetworking.Utilities.csproj", "{40B431D6-1DFC-75E3-1C45-4CD3A5A7CC02}"
EndProject
Project("{FAE04EC0-301F-11D3-BF4B-00C04F79EFBC}") = "PhotonChat", "PhotonChat.csproj", "{1991E2B1-01BB-BD2F-1F91-1261C37EAD53}"
EndProject
Project("{FAE04EC0-301F-11D3-BF4B-00C04F79EFBC}") = "PhotonUnityNetworking.Editor", "PhotonUnityNetworking.Editor.csproj", "{B588005F-050E-6157-9FC2-F295E0AA377B}"
EndProject
Project("{FAE04EC0-301F-11D3-BF4B-00C04F79EFBC}") = "PhotonUnityNetworking.Utilities.PhotonPlayer.Editor", "PhotonUnityNetworking.Utilities.PhotonPlayer.Editor.csproj", "{12B72544-46C3-4461-7423-3A02DF6371EA}"
EndProject
Project("{FAE04EC0-301F-11D3-BF4B-00C04F79EFBC}") = "PunDemos.DemoSlotcarEditor", "PunDemos.DemoSlotcarEditor.csproj", "{C1D6229E-69B6-CB7D-8A97-F101E5FE0EC9}"
EndProject
Project("{FAE04EC0-301F-11D3-BF4B-00C04F79EFBC}") = "PhotonUnityNetworking.Utilities.Culling.Editor", "PhotonUnityNetworking.Utilities.Culling.Editor.csproj", "{90899018-5D49-DC54-5475-222EDA43773F}"
EndProject
Project("{FAE04EC0-301F-11D3-BF4B-00C04F79EFBC}") = "PunDemos.DemoHubEditor", "PunDemos.DemoHubEditor.csproj", "{83537B79-8497-E362-8C58-5598C237B0B0}"
EndProject
Global
	GlobalSection(SolutionConfigurationPlatforms) = preSolution
		Debug|Any CPU = Debug|Any CPU
		Release|Any CPU = Release|Any CPU
	EndGlobalSection
	GlobalSection(ProjectConfigurationPlatforms) = postSolution
		{D2866341-6582-E779-BD50-AA1D9880E448}.Debug|Any CPU.ActiveCfg = Debug|Any CPU
		{D2866341-6582-E779-BD50-AA1D9880E448}.Debug|Any CPU.Build.0 = Debug|Any CPU
		{D2866341-6582-E779-BD50-AA1D9880E448}.Release|Any CPU.ActiveCfg = Release|Any CPU
		{D2866341-6582-E779-BD50-AA1D9880E448}.Release|Any CPU.Build.0 = Release|Any CPU
		{20F95BC6-EDF4-DDA5-CB77-08019AEEEA42}.Debug|Any CPU.ActiveCfg = Debug|Any CPU
		{20F95BC6-EDF4-DDA5-CB77-08019AEEEA42}.Debug|Any CPU.Build.0 = Debug|Any CPU
		{20F95BC6-EDF4-DDA5-CB77-08019AEEEA42}.Release|Any CPU.ActiveCfg = Release|Any CPU
		{20F95BC6-EDF4-DDA5-CB77-08019AEEEA42}.Release|Any CPU.Build.0 = Release|Any CPU
		{42533683-CA4D-7C52-448F-15A137595370}.Debug|Any CPU.ActiveCfg = Debug|Any CPU
		{42533683-CA4D-7C52-448F-15A137595370}.Debug|Any CPU.Build.0 = Debug|Any CPU
		{42533683-CA4D-7C52-448F-15A137595370}.Release|Any CPU.ActiveCfg = Release|Any CPU
		{42533683-CA4D-7C52-448F-15A137595370}.Release|Any CPU.Build.0 = Release|Any CPU
		{70EBE890-4276-61A6-10E1-5B3AC0343C82}.Debug|Any CPU.ActiveCfg = Debug|Any CPU
		{70EBE890-4276-61A6-10E1-5B3AC0343C82}.Debug|Any CPU.Build.0 = Debug|Any CPU
		{70EBE890-4276-61A6-10E1-5B3AC0343C82}.Release|Any CPU.ActiveCfg = Release|Any CPU
		{70EBE890-4276-61A6-10E1-5B3AC0343C82}.Release|Any CPU.Build.0 = Release|Any CPU
		{40B431D6-1DFC-75E3-1C45-4CD3A5A7CC02}.Debug|Any CPU.ActiveCfg = Debug|Any CPU
		{40B431D6-1DFC-75E3-1C45-4CD3A5A7CC02}.Debug|Any CPU.Build.0 = Debug|Any CPU
		{40B431D6-1DFC-75E3-1C45-4CD3A5A7CC02}.Release|Any CPU.ActiveCfg = Release|Any CPU
		{40B431D6-1DFC-75E3-1C45-4CD3A5A7CC02}.Release|Any CPU.Build.0 = Release|Any CPU
		{1991E2B1-01BB-BD2F-1F91-1261C37EAD53}.Debug|Any CPU.ActiveCfg = Debug|Any CPU
		{1991E2B1-01BB-BD2F-1F91-1261C37EAD53}.Debug|Any CPU.Build.0 = Debug|Any CPU
		{1991E2B1-01BB-BD2F-1F91-1261C37EAD53}.Release|Any CPU.ActiveCfg = Release|Any CPU
		{1991E2B1-01BB-BD2F-1F91-1261C37EAD53}.Release|Any CPU.Build.0 = Release|Any CPU
		{B588005F-050E-6157-9FC2-F295E0AA377B}.Debug|Any CPU.ActiveCfg = Debug|Any CPU
		{B588005F-050E-6157-9FC2-F295E0AA377B}.Debug|Any CPU.Build.0 = Debug|Any CPU
		{B588005F-050E-6157-9FC2-F295E0AA377B}.Release|Any CPU.ActiveCfg = Release|Any CPU
		{B588005F-050E-6157-9FC2-F295E0AA377B}.Release|Any CPU.Build.0 = Release|Any CPU
		{12B72544-46C3-4461-7423-3A02DF6371EA}.Debug|Any CPU.ActiveCfg = Debug|Any CPU
		{12B72544-46C3-4461-7423-3A02DF6371EA}.Debug|Any CPU.Build.0 = Debug|Any CPU
		{12B72544-46C3-4461-7423-3A02DF6371EA}.Release|Any CPU.ActiveCfg = Release|Any CPU
		{12B72544-46C3-4461-7423-3A02DF6371EA}.Release|Any CPU.Build.0 = Release|Any CPU
		{C1D6229E-69B6-CB7D-8A97-F101E5FE0EC9}.Debug|Any CPU.ActiveCfg = Debug|Any CPU
		{C1D6229E-69B6-CB7D-8A97-F101E5FE0EC9}.Debug|Any CPU.Build.0 = Debug|Any CPU
		{C1D6229E-69B6-CB7D-8A97-F101E5FE0EC9}.Release|Any CPU.ActiveCfg = Release|Any CPU
		{C1D6229E-69B6-CB7D-8A97-F101E5FE0EC9}.Release|Any CPU.Build.0 = Release|Any CPU
		{90899018-5D49-DC54-5475-222EDA43773F}.Debug|Any CPU.ActiveCfg = Debug|Any CPU
		{90899018-5D49-DC54-5475-222EDA43773F}.Debug|Any CPU.Build.0 = Debug|Any CPU
		{90899018-5D49-DC54-5475-222EDA43773F}.Release|Any CPU.ActiveCfg = Release|Any CPU
		{90899018-5D49-DC54-5475-222EDA43773F}.Release|Any CPU.Build.0 = Release|Any CPU
		{83537B79-8497-E362-8C58-5598C237B0B0}.Debug|Any CPU.ActiveCfg = Debug|Any CPU
		{83537B79-8497-E362-8C58-5598C237B0B0}.Debug|Any CPU.Build.0 = Debug|Any CPU
		{83537B79-8497-E362-8C58-5598C237B0B0}.Release|Any CPU.ActiveCfg = Release|Any CPU
		{83537B79-8497-E362-8C58-5598C237B0B0}.Release|Any CPU.Build.0 = Release|Any CPU
	EndGlobalSection
	GlobalSection(SolutionProperties) = preSolution
		HideSolutionNode = FALSE
	EndGlobalSection
EndGlobal
